
Microsoft Visual Studio Solution File, Format Version 12.00
# Visual Studio Version 17
VisualStudioVersion = 17.7.34031.279
MinimumVisualStudioVersion = 10.0.40219.1
Project("{FAE04EC0-301F-11D3-BF4B-00C04F79EFBC}") = "Laborator2-PSCC", "Laborator2-PSCC\Laborator2-PSCC.csproj", "{8D8BE524-A262-4109-9BC1-495D09BE1D23}"
EndProject
Global
	GlobalSection(SolutionConfigurationPlatforms) = preSolution
		Debug|Any CPU = Debug|Any CPU
		Release|Any CPU = Release|Any CPU
	EndGlobalSection
	GlobalSection(ProjectConfigurationPlatforms) = postSolution
		{8D8BE524-A262-4109-9BC1-495D09BE1D23}.Debug|Any CPU.ActiveCfg = Debug|Any CPU
		{8D8BE524-A262-4109-9BC1-495D09BE1D23}.Debug|Any CPU.Build.0 = Debug|Any CPU
		{8D8BE524-A262-4109-9BC1-495D09BE1D23}.Release|Any CPU.ActiveCfg = Release|Any CPU
		{8D8BE524-A262-4109-9BC1-495D09BE1D23}.Release|Any CPU.Build.0 = Release|Any CPU
	EndGlobalSection
	GlobalSection(SolutionProperties) = preSolution
		HideSolutionNode = FALSE
	EndGlobalSection
	GlobalSection(ExtensibilityGlobals) = postSolution
		SolutionGuid = {97103363-3B5E-4839-8941-E0981F45B2B3}
	EndGlobalSection
EndGlobal
